
Microsoft Visual Studio Solution File, Format Version 12.00
# Visual Studio Version 17
VisualStudioVersion = 17.11.35327.3
MinimumVisualStudioVersion = 10.0.40219.1
Project("{9A19103F-16F7-4668-BE54-9A1E7A4F7556}") = "EraaSoft520-Console", "EraaSoft520-Console\EraaSoft520-Console.csproj", "{B5D75963-95BD-429D-91D2-1EAA320556A6}"
EndProject
Project("{9A19103F-16F7-4668-BE54-9A1E7A4F7556}") = "Session 003 Challenges", "Session 003 Challenges\Session 003 Challenges.csproj", "{6F51CFCA-5447-472B-8481-C87A96EB52D1}"
EndProject
Project("{9A19103F-16F7-4668-BE54-9A1E7A4F7556}") = "Session 003 -Task-0001", "Session 003 -Task-0001\Session 003 -Task-0001.csproj", "{2DC2C14D-CD28-4968-AE01-D9AB8BAFE894}"
EndProject
Project("{9A19103F-16F7-4668-BE54-9A1E7A4F7556}") = "Session 002 Challenges", "Session 002 Challenges\Session 002 Challenges.csproj", "{61371251-831D-4977-9D88-B02D0D978D7B}"
EndProject
Project("{9A19103F-16F7-4668-BE54-9A1E7A4F7556}") = "Session 002 -Task-0001", "Session 002 -Task-0001\Session 002 -Task-0001.csproj", "{2D8C13E2-9D7D-4394-88CE-974F0CA2CE15}"
EndProject
Project("{9A19103F-16F7-4668-BE54-9A1E7A4F7556}") = "Session 004 Challenges", "Session 004 Challenges\Session 004 Challenges.csproj", "{F7031D0D-84CF-42D3-9B52-064E9598477A}"
EndProject
Project("{9A19103F-16F7-4668-BE54-9A1E7A4F7556}") = "Session 004 -Task-0001", "Session 004 -Task-0001\Session 004 -Task-0001.csproj", "{1A559131-165F-4CC0-9C80-504300551D17}"
EndProject
Project("{9A19103F-16F7-4668-BE54-9A1E7A4F7556}") = "Session 005 Challenges", "Session 005 Challenges\Session 005 Challenges.csproj", "{2FAF7C19-7923-492D-A48D-E98D5ED2D22A}"
EndProject
Project("{9A19103F-16F7-4668-BE54-9A1E7A4F7556}") = "Session 005-Task-0001", "Session 005-Task-0001\Session 005-Task-0001.csproj", "{AFFB6460-49B9-45D7-A738-1F42F743447D}"
EndProject
Project("{FAE04EC0-301F-11D3-BF4B-00C04F79EFBC}") = "Session 006 Challenges", "Session 006 Challenges\Session 006 Challenges.csproj", "{32C22CA4-6B2B-43E6-BF2B-17488AC1FF53}"
EndProject
Project("{FAE04EC0-301F-11D3-BF4B-00C04F79EFBC}") = "Session 006-Task-0001", "Session 006-Task-0001\Session 006-Task-0001.csproj", "{44978955-3C7C-4C63-8DB6-262CBF2FFB34}"
EndProject
Global
	GlobalSection(SolutionConfigurationPlatforms) = preSolution
		Debug|Any CPU = Debug|Any CPU
		Release|Any CPU = Release|Any CPU
	EndGlobalSection
	GlobalSection(ProjectConfigurationPlatforms) = postSolution
		{B5D75963-95BD-429D-91D2-1EAA320556A6}.Debug|Any CPU.ActiveCfg = Debug|Any CPU
		{B5D75963-95BD-429D-91D2-1EAA320556A6}.Debug|Any CPU.Build.0 = Debug|Any CPU
		{B5D75963-95BD-429D-91D2-1EAA320556A6}.Release|Any CPU.ActiveCfg = Release|Any CPU
		{B5D75963-95BD-429D-91D2-1EAA320556A6}.Release|Any CPU.Build.0 = Release|Any CPU
		{6F51CFCA-5447-472B-8481-C87A96EB52D1}.Debug|Any CPU.ActiveCfg = Debug|Any CPU
		{6F51CFCA-5447-472B-8481-C87A96EB52D1}.Debug|Any CPU.Build.0 = Debug|Any CPU
		{6F51CFCA-5447-472B-8481-C87A96EB52D1}.Release|Any CPU.ActiveCfg = Release|Any CPU
		{6F51CFCA-5447-472B-8481-C87A96EB52D1}.Release|Any CPU.Build.0 = Release|Any CPU
		{2DC2C14D-CD28-4968-AE01-D9AB8BAFE894}.Debug|Any CPU.ActiveCfg = Debug|Any CPU
		{2DC2C14D-CD28-4968-AE01-D9AB8BAFE894}.Debug|Any CPU.Build.0 = Debug|Any CPU
		{2DC2C14D-CD28-4968-AE01-D9AB8BAFE894}.Release|Any CPU.ActiveCfg = Release|Any CPU
		{2DC2C14D-CD28-4968-AE01-D9AB8BAFE894}.Release|Any CPU.Build.0 = Release|Any CPU
		{61371251-831D-4977-9D88-B02D0D978D7B}.Debug|Any CPU.ActiveCfg = Debug|Any CPU
		{61371251-831D-4977-9D88-B02D0D978D7B}.Debug|Any CPU.Build.0 = Debug|Any CPU
		{61371251-831D-4977-9D88-B02D0D978D7B}.Release|Any CPU.ActiveCfg = Release|Any CPU
		{61371251-831D-4977-9D88-B02D0D978D7B}.Release|Any CPU.Build.0 = Release|Any CPU
		{2D8C13E2-9D7D-4394-88CE-974F0CA2CE15}.Debug|Any CPU.ActiveCfg = Debug|Any CPU
		{2D8C13E2-9D7D-4394-88CE-974F0CA2CE15}.Debug|Any CPU.Build.0 = Debug|Any CPU
		{2D8C13E2-9D7D-4394-88CE-974F0CA2CE15}.Release|Any CPU.ActiveCfg = Release|Any CPU
		{2D8C13E2-9D7D-4394-88CE-974F0CA2CE15}.Release|Any CPU.Build.0 = Release|Any CPU
		{F7031D0D-84CF-42D3-9B52-064E9598477A}.Debug|Any CPU.ActiveCfg = Debug|Any CPU
		{F7031D0D-84CF-42D3-9B52-064E9598477A}.Debug|Any CPU.Build.0 = Debug|Any CPU
		{F7031D0D-84CF-42D3-9B52-064E9598477A}.Release|Any CPU.ActiveCfg = Release|Any CPU
		{F7031D0D-84CF-42D3-9B52-064E9598477A}.Release|Any CPU.Build.0 = Release|Any CPU
		{1A559131-165F-4CC0-9C80-504300551D17}.Debug|Any CPU.ActiveCfg = Debug|Any CPU
		{1A559131-165F-4CC0-9C80-504300551D17}.Debug|Any CPU.Build.0 = Debug|Any CPU
		{1A559131-165F-4CC0-9C80-504300551D17}.Release|Any CPU.ActiveCfg = Release|Any CPU
		{1A559131-165F-4CC0-9C80-504300551D17}.Release|Any CPU.Build.0 = Release|Any CPU
		{2FAF7C19-7923-492D-A48D-E98D5ED2D22A}.Debug|Any CPU.ActiveCfg = Debug|Any CPU
		{2FAF7C19-7923-492D-A48D-E98D5ED2D22A}.Debug|Any CPU.Build.0 = Debug|Any CPU
		{2FAF7C19-7923-492D-A48D-E98D5ED2D22A}.Release|Any CPU.ActiveCfg = Release|Any CPU
		{2FAF7C19-7923-492D-A48D-E98D5ED2D22A}.Release|Any CPU.Build.0 = Release|Any CPU
		{AFFB6460-49B9-45D7-A738-1F42F743447D}.Debug|Any CPU.ActiveCfg = Debug|Any CPU
		{AFFB6460-49B9-45D7-A738-1F42F743447D}.Debug|Any CPU.Build.0 = Debug|Any CPU
		{AFFB6460-49B9-45D7-A738-1F42F743447D}.Release|Any CPU.ActiveCfg = Release|Any CPU
		{AFFB6460-49B9-45D7-A738-1F42F743447D}.Release|Any CPU.Build.0 = Release|Any CPU
		{32C22CA4-6B2B-43E6-BF2B-17488AC1FF53}.Debug|Any CPU.ActiveCfg = Debug|Any CPU
		{32C22CA4-6B2B-43E6-BF2B-17488AC1FF53}.Debug|Any CPU.Build.0 = Debug|Any CPU
		{32C22CA4-6B2B-43E6-BF2B-17488AC1FF53}.Release|Any CPU.ActiveCfg = Release|Any CPU
		{32C22CA4-6B2B-43E6-BF2B-17488AC1FF53}.Release|Any CPU.Build.0 = Release|Any CPU
		{44978955-3C7C-4C63-8DB6-262CBF2FFB34}.Debug|Any CPU.ActiveCfg = Debug|Any CPU
		{44978955-3C7C-4C63-8DB6-262CBF2FFB34}.Debug|Any CPU.Build.0 = Debug|Any CPU
		{44978955-3C7C-4C63-8DB6-262CBF2FFB34}.Release|Any CPU.ActiveCfg = Release|Any CPU
		{44978955-3C7C-4C63-8DB6-262CBF2FFB34}.Release|Any CPU.Build.0 = Release|Any CPU
	EndGlobalSection
	GlobalSection(SolutionProperties) = preSolution
		HideSolutionNode = FALSE
	EndGlobalSection
	GlobalSection(ExtensibilityGlobals) = postSolution
		SolutionGuid = {8D707AEC-1EF5-402D-AE89-368BC55D950E}
	EndGlobalSection
EndGlobal
